
Microsoft Visual Studio Solution File, Format Version 12.00
# Visual Studio 2013
VisualStudioVersion = 12.0.31101.0
MinimumVisualStudioVersion = 10.0.40219.1
Project("{FAE04EC0-301F-11D3-BF4B-00C04F79EFBC}") = "Rakuten.Catalog.AspNet.Mvc", "Rakuten.Catalog.AspNet.Mvc\Rakuten.Catalog.AspNet.Mvc.csproj", "{96E84CEC-B67B-44DA-A335-B71593CF9574}"
EndProject
Project("{FAE04EC0-301F-11D3-BF4B-00C04F79EFBC}") = "Rakuten.Catalog.AspNet.Mvc.Tests", "Rakuten.Catalog.AspNet.Mvc.Tests\Rakuten.Catalog.AspNet.Mvc.Tests.csproj", "{13B6EB20-7E16-4D9B-995E-1BC1CE9ED97C}"
EndProject
Global
	GlobalSection(SolutionConfigurationPlatforms) = preSolution
		Debug|Any CPU = Debug|Any CPU
		Release|Any CPU = Release|Any CPU
	EndGlobalSection
	GlobalSection(ProjectConfigurationPlatforms) = postSolution
		{96E84CEC-B67B-44DA-A335-B71593CF9574}.Debug|Any CPU.ActiveCfg = Debug|Any CPU
		{96E84CEC-B67B-44DA-A335-B71593CF9574}.Debug|Any CPU.Build.0 = Debug|Any CPU
		{96E84CEC-B67B-44DA-A335-B71593CF9574}.Release|Any CPU.ActiveCfg = Release|Any CPU
		{96E84CEC-B67B-44DA-A335-B71593CF9574}.Release|Any CPU.Build.0 = Release|Any CPU
		{13B6EB20-7E16-4D9B-995E-1BC1CE9ED97C}.Debug|Any CPU.ActiveCfg = Debug|Any CPU
		{13B6EB20-7E16-4D9B-995E-1BC1CE9ED97C}.Debug|Any CPU.Build.0 = Debug|Any CPU
		{13B6EB20-7E16-4D9B-995E-1BC1CE9ED97C}.Release|Any CPU.ActiveCfg = Release|Any CPU
		{13B6EB20-7E16-4D9B-995E-1BC1CE9ED97C}.Release|Any CPU.Build.0 = Release|Any CPU
	EndGlobalSection
	GlobalSection(SolutionProperties) = preSolution
		HideSolutionNode = FALSE
	EndGlobalSection
EndGlobal
